
Microsoft Visual Studio Solution File, Format Version 12.00
# Visual Studio Version 16
VisualStudioVersion = 16.0.29123.88
MinimumVisualStudioVersion = 10.0.40219.1
Project("{FAE04EC0-301F-11D3-BF4B-00C04F79EFBC}") = "fit5032-week3", "fit5032-week3\fit5032-week3.csproj", "{23FB2CBC-902D-4068-9ABB-24267E3E114A}"
EndProject
Global
	GlobalSection(SolutionConfigurationPlatforms) = preSolution
		Debug|Any CPU = Debug|Any CPU
		Release|Any CPU = Release|Any CPU
	EndGlobalSection
	GlobalSection(ProjectConfigurationPlatforms) = postSolution
		{23FB2CBC-902D-4068-9ABB-24267E3E114A}.Debug|Any CPU.ActiveCfg = Debug|Any CPU
		{23FB2CBC-902D-4068-9ABB-24267E3E114A}.Debug|Any CPU.Build.0 = Debug|Any CPU
		{23FB2CBC-902D-4068-9ABB-24267E3E114A}.Release|Any CPU.ActiveCfg = Release|Any CPU
		{23FB2CBC-902D-4068-9ABB-24267E3E114A}.Release|Any CPU.Build.0 = Release|Any CPU
	EndGlobalSection
	GlobalSection(SolutionProperties) = preSolution
		HideSolutionNode = FALSE
	EndGlobalSection
	GlobalSection(ExtensibilityGlobals) = postSolution
		SolutionGuid = {F5C96AC2-7CDB-4172-AD34-5C2768E524F4}
	EndGlobalSection
EndGlobal
